// !$*UTF8*$!
{
	archiveVersion = 1;
	classes = {
	};
	objectVersion = 48;
	objects = {

/* Begin PBXBuildFile section */
		4A4D00911FF250FE00D3A71F /* AppDelegate.swift in Sources */ = {isa = PBXBuildFile; fileRef = 4A4D00901FF250FE00D3A71F /* AppDelegate.swift */; };
		4A4D00931FF250FE00D3A71F /* ViewController.swift in Sources */ = {isa = PBXBuildFile; fileRef = 4A4D00921FF250FE00D3A71F /* ViewController.swift */; };
		4A4D00961FF250FE00D3A71F /* Main.storyboard in Resources */ = {isa = PBXBuildFile; fileRef = 4A4D00941FF250FE00D3A71F /* Main.storyboard */; };
		4A4D00981FF250FE00D3A71F /* Assets.xcassets in Resources */ = {isa = PBXBuildFile; fileRef = 4A4D00971FF250FE00D3A71F /* Assets.xcassets */; };
		4A4D009B1FF250FE00D3A71F /* LaunchScreen.storyboard in Resources */ = {isa = PBXBuildFile; fileRef = 4A4D00991FF250FE00D3A71F /* LaunchScreen.storyboard */; };
		4AE1BA4420E211AB006CB091 /* nophoto.png in Resources */ = {isa = PBXBuildFile; fileRef = 4AE1BA4320E211AB006CB091 /* nophoto.png */; };
/* End PBXBuildFile section */

/* Begin PBXFileReference section */
		4A4D008D1FF250FE00D3A71F /* SelectPhotosS1.app */ = {isa = PBXFileReference; explicitFileType = wrapper.application; includeInIndex = 0; path = SelectPhotosS1.app; sourceTree = BUILT_PRODUCTS_DIR; };
		4A4D00901FF250FE00D3A71F /* AppDelegate.swift */ = {isa = PBXFileReference; lastKnownFileType = sourcecode.swift; path = AppDelegate.swift; sourceTree = "<group>"; };
		4A4D00921FF250FE00D3A71F /* ViewController.swift */ = {isa = PBXFileReference; lastKnownFileType = sourcecode.swift; path = ViewController.swift; sourceTree = "<group>"; };
		4A4D00951FF250FE00D3A71F /* Base */ = {isa = PBXFileReference; lastKnownFileType = file.storyboard; name = Base; path = Base.lproj/Main.storyboard; sourceTree = "<group>"; };
		4A4D00971FF250FE00D3A71F /* Assets.xcassets */ = {isa = PBXFileReference; lastKnownFileType = folder.assetcatalog; path = Assets.xcassets; sourceTree = "<group>"; };
		4A4D009A1FF250FE00D3A71F /* Base */ = {isa = PBXFileReference; lastKnownFileType = file.storyboard; name = Base; path = Base.lproj/LaunchScreen.storyboard; sourceTree = "<group>"; };
		4A4D009C1FF250FE00D3A71F /* Info.plist */ = {isa = PBXFileReference; lastKnownFileType = text.plist.xml; path = Info.plist; sourceTree = "<group>"; };
		4AE1BA4320E211AB006CB091 /* nophoto.png */ = {isa = PBXFileReference; lastKnownFileType = image.png; path = nophoto.png; sourceTree = "<group>"; };
		4AEDC1AC214A5F4000D863F9 /* SelectPhotosS1.entitlements */ = {isa = PBXFileReference; lastKnownFileType = text.plist.entitlements; path = SelectPhotosS1.entitlements; sourceTree = "<group>"; };
/* End PBXFileReference section */

/* Begin PBXFrameworksBuildPhase section */
		4A4D008A1FF250FE00D3A71F /* Frameworks */ = {
			isa = PBXFrameworksBuildPhase;
			buildActionMask = 2147483647;
			files = (
			);
			runOnlyForDeploymentPostprocessing = 0;
		};
/* End PBXFrameworksBuildPhase section */

/* Begin PBXGroup section */
		4A4D00841FF250FE00D3A71F = {
			isa = PBXGroup;
			children = (
				4A4D008F1FF250FE00D3A71F /* SelectPhotosS1 */,
				4A4D008E1FF250FE00D3A71F /* Products */,
				4AEDC1AD214A5F4100D863F9 /* Frameworks */,
			);
			sourceTree = "<group>";
		};
		4A4D008E1FF250FE00D3A71F /* Products */ = {
			isa = PBXGroup;
			children = (
				4A4D008D1FF250FE00D3A71F /* SelectPhotosS1.app */,
			);
			name = Products;
			sourceTree = "<group>";
		};
		4A4D008F1FF250FE00D3A71F /* SelectPhotosS1 */ = {
			isa = PBXGroup;
			children = (
				4AEDC1AC214A5F4000D863F9 /* SelectPhotosS1.entitlements */,
				4A4D00901FF250FE00D3A71F /* AppDelegate.swift */,
				4A4D00921FF250FE00D3A71F /* ViewController.swift */,
				4AE1BA4320E211AB006CB091 /* nophoto.png */,
				4A4D00941FF250FE00D3A71F /* Main.storyboard */,
				4A4D00971FF250FE00D3A71F /* Assets.xcassets */,
				4A4D00991FF250FE00D3A71F /* LaunchScreen.storyboard */,
				4A4D009C1FF250FE00D3A71F /* Info.plist */,
			);
			path = SelectPhotosS1;
			sourceTree = "<group>";
		};
		4AEDC1AD214A5F4100D863F9 /* Frameworks */ = {
			isa = PBXGroup;
			children = (
			);
			name = Frameworks;
			sourceTree = "<group>";
		};
/* End PBXGroup section */

/* Begin PBXNativeTarget section */
		4A4D008C1FF250FE00D3A71F /* SelectPhotosS1 */ = {
			isa = PBXNativeTarget;
			buildConfigurationList = 4A4D009F1FF250FE00D3A71F /* Build configuration list for PBXNativeTarget "SelectPhotosS1" */;
			buildPhases = (
				4A4D00891FF250FE00D3A71F /* Sources */,
				4A4D008A1FF250FE00D3A71F /* Frameworks */,
				4A4D008B1FF250FE00D3A71F /* Resources */,
			);
			buildRules = (
			);
			dependencies = (
			);
			name = SelectPhotosS1;
			productName = SelectPhotosS1;
			productReference = 4A4D008D1FF250FE00D3A71F /* SelectPhotosS1.app */;
			productType = "com.apple.product-type.application";
		};
/* End PBXNativeTarget section */

/* Begin PBXProject section */
		4A4D00851FF250FE00D3A71F /* Project object */ = {
			isa = PBXProject;
			attributes = {
				LastSwiftUpdateCheck = 0910;
				LastUpgradeCheck = 0910;
				ORGANIZATIONNAME = oshitahayato;
				TargetAttributes = {
					4A4D008C1FF250FE00D3A71F = {
						CreatedOnToolsVersion = 9.1;
						ProvisioningStyle = Automatic;
						SystemCapabilities = {
							com.apple.DataProtection = {
								enabled = 0;
							};
							com.apple.HealthKit = {
								enabled = 0;
							};
							com.apple.HomeKit = {
								enabled = 0;
							};
						};
					};
				};
			};
			buildConfigurationList = 4A4D00881FF250FE00D3A71F /* Build configuration list for PBXProject "SelectPhotosS1" */;
			compatibilityVersion = "Xcode 8.0";
			developmentRegion = en;
			hasScannedForEncodings = 0;
			knownRegions = (
				en,
				Base,
			);
			mainGroup = 4A4D00841FF250FE00D3A71F;
			productRefGroup = 4A4D008E1FF250FE00D3A71F /* Products */;
			projectDirPath = "";
			projectRoot = "";
			targets = (
				4A4D008C1FF250FE00D3A71F /* SelectPhotosS1 */,
			);
		};
/* End PBXProject section */

/* Begin PBXResourcesBuildPhase section */
		4A4D008B1FF250FE00D3A71F /* Resources */ = {
			isa = PBXResourcesBuildPhase;
			buildActionMask = 2147483647;
			files = (
				4A4D009B1FF250FE00D3A71F /* LaunchScreen.storyboard in Resources */,
				4AE1BA4420E211AB006CB091 /* nophoto.png in Resources */,
				4A4D00981FF250FE00D3A71F /* Assets.xcassets in Resources */,
				4A4D00961FF250FE00D3A71F /* Main.storyboard in Resources */,
			);
			runOnlyForDeploymentPostprocessing = 0;
		};
/* End PBXResourcesBuildPhase section */

/* Begin PBXSourcesBuildPhase section */
		4A4D00891FF250FE00D3A71F /* Sources */ = {
			isa = PBXSourcesBuildPhase;
			buildActionMask = 2147483647;
			files = (
				4A4D00931FF250FE00D3A71F /* ViewController.swift in Sources */,
				4A4D00911FF250FE00D3A71F /* AppDelegate.swift in Sources */,
			);
			runOnlyForDeploymentPostprocessing = 0;
		};
/* End PBXSourcesBuildPhase section */

/* Begin PBXVariantGroup section */
		4A4D00941FF250FE00D3A71F /* Main.storyboard */ = {
			isa = PBXVariantGroup;
			children = (
				4A4D00951FF250FE00D3A71F /* Base */,
			);
			name = Main.storyboard;
			sourceTree = "<group>";
		};
		4A4D00991FF250FE00D3A71F /* LaunchScreen.storyboard */ = {
			isa = PBXVariantGroup;
			children = (
				4A4D009A1FF250FE00D3A71F /* Base */,
			);
			name = LaunchScreen.storyboard;
			sourceTree = "<group>";
		};
/* End PBXVariantGroup section */

/* Begin XCBuildConfiguration section */
		4A4D009D1FF250FE00D3A71F /* Debug */ = {
			isa = XCBuildConfiguration;
			buildSettings = {
				ALWAYS_SEARCH_USER_PATHS = NO;
				CLANG_ANALYZER_NONNULL = YES;
				CLANG_ANALYZER_NUMBER_OBJECT_CONVERSION = YES_AGGRESSIVE;
				CLANG_CXX_LANGUAGE_STANDARD = "gnu++14";
				CLANG_CXX_LIBRARY = "libc++";
				CLANG_ENABLE_MODULES = YES;
				CLANG_ENABLE_OBJC_ARC = YES;
				CLANG_WARN_BLOCK_CAPTURE_AUTORELEASING = YES;
				CLANG_WARN_BOOL_CONVERSION = YES;
				CLANG_WARN_COMMA = YES;
				CLANG_WARN_CONSTANT_CONVERSION = YES;
				CLANG_WARN_DIRECT_OBJC_ISA_USAGE = YES_ERROR;
				CLANG_WARN_DOCUMENTATION_COMMENTS = YES;
				CLANG_WARN_EMPTY_BODY = YES;
				CLANG_WARN_ENUM_CONVERSION = YES;
				CLANG_WARN_INFINITE_RECURSION = YES;
				CLANG_WARN_INT_CONVERSION = YES;
				CLANG_WARN_NON_LITERAL_NULL_CONVERSION = YES;
				CLANG_WARN_OBJC_LITERAL_CONVERSION = YES;
				CLANG_WARN_OBJC_ROOT_CLASS = YES_ERROR;
				CLANG_WARN_RANGE_LOOP_ANALYSIS = YES;
				CLANG_WARN_STRICT_PROTOTYPES = YES;
				CLANG_WARN_SUSPICIOUS_MOVE = YES;
				CLANG_WARN_UNGUARDED_AVAILABILITY = YES_AGGRESSIVE;
				CLANG_WARN_UNREACHABLE_CODE = YES;
				CLANG_WARN__DUPLICATE_METHOD_MATCH = YES;
				CODE_SIGN_IDENTITY = "iPhone Developer";
				COPY_PHASE_STRIP = NO;
				DEBUG_INFORMATION_FORMAT = dwarf;
				ENABLE_STRICT_OBJC_MSGSEND = YES;
				ENABLE_TESTABILITY = YES;
				GCC_C_LANGUAGE_STANDARD = gnu11;
				GCC_DYNAMIC_NO_PIC = NO;
				GCC_NO_COMMON_BLOCKS = YES;
				GCC_OPTIMIZATION_LEVEL = 0;
				GCC_PREPROCESSOR_DEFINITIONS = (
					"DEBUG=1",
					"$(inherited)",
				);
				GCC_WARN_64_TO_32_BIT_CONVERSION = YES;
				GCC_WARN_ABOUT_RETURN_TYPE = YES_ERROR;
				GCC_WARN_UNDECLARED_SELECTOR = YES;
				GCC_WARN_UNINITIALIZED_AUTOS = YES_AGGRESSIVE;
				GCC_WARN_UNUSED_FUNCTION = YES;
				GCC_WARN_UNUSED_VARIABLE = YES;
				IPHONEOS_DEPLOYMENT_TARGET = 11.1;
				MTL_ENABLE_DEBUG_INFO = YES;
				ONLY_ACTIVE_ARCH = YES;
				SDKROOT = iphoneos;
				SWIFT_ACTIVE_COMPILATION_CONDITIONS = DEBUG;
				SWIFT_OPTIMIZATION_LEVEL = "-Onone";
			};
			name = Debug;
		};
		4A4D009E1FF250FE00D3A71F /* Release */ = {
			isa = XCBuildConfiguration;
			buildSettings = {
				ALWAYS_SEARCH_USER_PATHS = NO;
				CLANG_ANALYZER_NONNULL = YES;
				CLANG_ANALYZER_NUMBER_OBJECT_CONVERSION = YES_AGGRESSIVE;
				CLANG_CXX_LANGUAGE_STANDARD = "gnu++14";
				CLANG_CXX_LIBRARY = "libc++";
				CLANG_ENABLE_MODULES = YES;
				CLANG_ENABLE_OBJC_ARC = YES;
				CLANG_WARN_BLOCK_CAPTURE_AUTORELEASING = YES;
				CLANG_WARN_BOOL_CONVERSION = YES;
				CLANG_WARN_COMMA = YES;
				CLANG_WARN_CONSTANT_CONVERSION = YES;
				CLANG_WARN_DIRECT_OBJC_ISA_USAGE = YES_ERROR;
				CLANG_WARN_DOCUMENTATION_COMMENTS = YES;
				CLANG_WARN_EMPTY_BODY = YES;
				CLANG_WARN_ENUM_CONVERSION = YES;
				CLANG_WARN_INFINITE_RECURSION = YES;
				CLANG_WARN_INT_CONVERSION = YES;
				CLANG_WARN_NON_LITERAL_NULL_CONVERSION = YES;
				CLANG_WARN_OBJC_LITERAL_CONVERSION = YES;
				CLANG_WARN_OBJC_ROOT_CLASS = YES_ERROR;
				CLANG_WARN_RANGE_LOOP_ANALYSIS = YES;
				CLANG_WARN_STRICT_PROTOTYPES = YES;
				CLANG_WARN_SUSPICIOUS_MOVE = YES;
				CLANG_WARN_UNGUARDED_AVAILABILITY = YES_AGGRESSIVE;
				CLANG_WARN_UNREACHABLE_CODE = YES;
				CLANG_WARN__DUPLICATE_METHOD_MATCH = YES;
				CODE_SIGN_IDENTITY = "iPhone Developer";
				COPY_PHASE_STRIP = NO;
				DEBUG_INFORMATION_FORMAT = "dwarf-with-dsym";
				ENABLE_NS_ASSERTIONS = NO;
				ENABLE_STRICT_OBJC_MSGSEND = YES;
				GCC_C_LANGUAGE_STANDARD = gnu11;
				GCC_NO_COMMON_BLOCKS = YES;
				GCC_WARN_64_TO_32_BIT_CONVERSION = YES;
				GCC_WARN_ABOUT_RETURN_TYPE = YES_ERROR;
				GCC_WARN_UNDECLARED_SELECTOR = YES;
				GCC_WARN_UNINITIALIZED_AUTOS = YES_AGGRESSIVE;
				GCC_WARN_UNUSED_FUNCTION = YES;
				GCC_WARN_UNUSED_VARIABLE = YES;
				IPHONEOS_DEPLOYMENT_TARGET = 11.1;
				MTL_ENABLE_DEBUG_INFO = NO;
				SDKROOT = iphoneos;
				SWIFT_OPTIMIZATION_LEVEL = "-Owholemodule";
				VALIDATE_PRODUCT = YES;
			};
			name = Release;
		};
		4A4D00A01FF250FE00D3A71F /* Debug */ = {
			isa = XCBuildConfiguration;
			buildSettings = {
				ASSETCATALOG_COMPILER_APPICON_NAME = AppIcon;
				"CODE_SIGN_IDENTITY[sdk=iphoneos*]" = "iPhone Developer";
				CODE_SIGN_STYLE = Automatic;
				DEVELOPMENT_TEAM = 6Y3S6RLA4Y;
				INFOPLIST_FILE = SelectPhotosS1/Info.plist;
				LD_RUNPATH_SEARCH_PATHS = "$(inherited) @executable_path/Frameworks";
				PRODUCT_BUNDLE_IDENTIFIER = "n-o-v.SelectPhotosS1";
				PRODUCT_NAME = "$(TARGET_NAME)";
				PROVISIONING_PROFILE_SPECIFIER = "";
				SWIFT_VERSION = 4.0;
				TARGETED_DEVICE_FAMILY = "1,2";
			};
			name = Debug;
		};
		4A4D00A11FF250FE00D3A71F /* Release */ = {
			isa = XCBuildConfiguration;
			buildSettings = {
				ASSETCATALOG_COMPILER_APPICON_NAME = AppIcon;
				"CODE_SIGN_IDENTITY[sdk=iphoneos*]" = "iPhone Developer";
				CODE_SIGN_STYLE = Automatic;
				DEVELOPMENT_TEAM = 6Y3S6RLA4Y;
				INFOPLIST_FILE = SelectPhotosS1/Info.plist;
				LD_RUNPATH_SEARCH_PATHS = "$(inherited) @executable_path/Frameworks";
				PRODUCT_BUNDLE_IDENTIFIER = "n-o-v.SelectPhotosS1";
				PRODUCT_NAME = "$(TARGET_NAME)";
				PROVISIONING_PROFILE_SPECIFIER = "";
				SWIFT_VERSION = 4.0;
				TARGETED_DEVICE_FAMILY = "1,2";
			};
			name = Release;
		};
/* End XCBuildConfiguration section */

/* Begin XCConfigurationList section */
		4A4D00881FF250FE00D3A71F /* Build configuration list for PBXProject "SelectPhotosS1" */ = {
			isa = XCConfigurationList;
			buildConfigurations = (
				4A4D009D1FF250FE00D3A71F /* Debug */,
				4A4D009E1FF250FE00D3A71F /* Release */,
			);
			defaultConfigurationIsVisible = 0;
			defaultConfigurationName = Release;
		};
		4A4D009F1FF250FE00D3A71F /* Build configuration list for PBXNativeTarget "SelectPhotosS1" */ = {
			isa = XCConfigurationList;
			buildConfigurations = (
				4A4D00A01FF250FE00D3A71F /* Debug */,
				4A4D00A11FF250FE00D3A71F /* Release */,
			);
			defaultConfigurationIsVisible = 0;
			defaultConfigurationName = Release;
		};
/* End XCConfigurationList section */
	};
	rootObject = 4A4D00851FF250FE00D3A71F /* Project object */;
}
